
Microsoft Visual Studio Solution File, Format Version 12.00
Project("{FAE04EC0-301F-11D3-BF4B-00C04F79EFBC}") = "Architect.Web", "Architect.Web\Architect.Web.csproj", "{F5B697A7-F813-4931-8354-A5B3B245C8E2}"
EndProject
Project("{FAE04EC0-301F-11D3-BF4B-00C04F79EFBC}") = "Architect.Migrator", "Architect.Migrator\Architect.Migrator.csproj", "{D25560EB-E66C-4B63-B226-23F5B86652A4}"
EndProject
Project("{FAE04EC0-301F-11D3-BF4B-00C04F79EFBC}") = "Architect.Common", "Architect.Common\Architect.Common.csproj", "{5C82791C-6CEA-4C7C-B451-C0AC060843A8}"
EndProject
Project("{FAE04EC0-301F-11D3-BF4B-00C04F79EFBC}") = "Architect.Tests", "Architect.Tests\Architect.Tests.csproj", "{054DE14E-E136-47BE-9983-403216A50AD0}"
EndProject
Global
	GlobalSection(SolutionConfigurationPlatforms) = preSolution
		Debug|Any CPU = Debug|Any CPU
		Release|Any CPU = Release|Any CPU
	EndGlobalSection
	GlobalSection(ProjectConfigurationPlatforms) = postSolution
		{F5B697A7-F813-4931-8354-A5B3B245C8E2}.Debug|Any CPU.ActiveCfg = Debug|Any CPU
		{F5B697A7-F813-4931-8354-A5B3B245C8E2}.Debug|Any CPU.Build.0 = Debug|Any CPU
		{F5B697A7-F813-4931-8354-A5B3B245C8E2}.Release|Any CPU.ActiveCfg = Release|Any CPU
		{F5B697A7-F813-4931-8354-A5B3B245C8E2}.Release|Any CPU.Build.0 = Release|Any CPU
		{D25560EB-E66C-4B63-B226-23F5B86652A4}.Debug|Any CPU.ActiveCfg = Debug|Any CPU
		{D25560EB-E66C-4B63-B226-23F5B86652A4}.Debug|Any CPU.Build.0 = Debug|Any CPU
		{D25560EB-E66C-4B63-B226-23F5B86652A4}.Release|Any CPU.ActiveCfg = Release|Any CPU
		{D25560EB-E66C-4B63-B226-23F5B86652A4}.Release|Any CPU.Build.0 = Release|Any CPU
		{5C82791C-6CEA-4C7C-B451-C0AC060843A8}.Debug|Any CPU.ActiveCfg = Debug|Any CPU
		{5C82791C-6CEA-4C7C-B451-C0AC060843A8}.Debug|Any CPU.Build.0 = Debug|Any CPU
		{5C82791C-6CEA-4C7C-B451-C0AC060843A8}.Release|Any CPU.ActiveCfg = Release|Any CPU
		{5C82791C-6CEA-4C7C-B451-C0AC060843A8}.Release|Any CPU.Build.0 = Release|Any CPU
		{054DE14E-E136-47BE-9983-403216A50AD0}.Debug|Any CPU.ActiveCfg = Debug|Any CPU
		{054DE14E-E136-47BE-9983-403216A50AD0}.Debug|Any CPU.Build.0 = Debug|Any CPU
		{054DE14E-E136-47BE-9983-403216A50AD0}.Release|Any CPU.ActiveCfg = Release|Any CPU
		{054DE14E-E136-47BE-9983-403216A50AD0}.Release|Any CPU.Build.0 = Release|Any CPU
	EndGlobalSection
EndGlobal
